<?xml version="1.0" encoding="utf-8"?>
<Project ToolsVersion="4.0" xmlns="http://schemas.microsoft.com/developer/msbuild/2003">
  <ItemGroup>
    <Filter Include="Source Files">
      <UniqueIdentifier>{4FC737F1-C7A5-4376-A066-2A32D752A2FF}</UniqueIdentifier>
      <Extensions>cpp;c;cc;cxx;def;odl;idl;hpj;bat;asm;asmx</Extensions>
    </Filter>
    <Filter Include="Header Files">
      <UniqueIdentifier>{93995380-89BD-4b04-88EB-625FBE52EBFB}</UniqueIdentifier>
      <Extensions>h;hh;hpp;hxx;hm;inl;inc;xsd</Extensions>
    </Filter>
    <Filter Include="Resource Files">
      <UniqueIdentifier>{67DA6AB6-F800-4c08-8B7A-83BB121AAD01}</UniqueIdentifier>
      <Extensions>rc;ico;cur;bmp;dlg;rc2;rct;bin;rgs;gif;jpg;jpeg;jpe;resx;tiff;tif;png;wav;mfcribbon-ms</Extensions>
    </Filter>
    <Filter Include="Audio">
      <UniqueIdentifier>{b3ad1c44-dc47-44f8-bf78-5ee1d23354b5}</UniqueIdentifier>
    </Filter>
    <Filter Include="Model">
      <UniqueIdentifier>{d82af9ea-7d18-4c83-81fa-2f4c3ab40448}</UniqueIdentifier>
    </Filter>
    <Filter Include="Shaders">
      <UniqueIdentifier>{bf12b4c6-8aa3-4098-9a5d-6f4ae4697f85}</UniqueIdentifier>
    </Filter>
    <Filter Include="Management">
      <UniqueIdentifier>{e43582c6-d079-4fe1-a74f-702ecc282142}</UniqueIdentifier>
    </Filter>
    <Filter Include="World">
      <UniqueIdentifier>{cae104c6-713a-444f-88f1-0aca7437aa01}</UniqueIdentifier>
    </Filter>
    <Filter Include="Physics">
      <UniqueIdentifier>{19a8d620-4569-4bfc-8ffe-de328ba301cf}</UniqueIdentifier>
    </Filter>
    <Filter Include="Input">
      <UniqueIdentifier>{0ab8e25b-f706-4781-ad4a-825c2d93dde2}</UniqueIdentifier>
    </Filter>
  </ItemGroup>
  <ItemGroup>
    <ClInclude Include="BoilerPlate.h">
      <Filter>Header Files</Filter>
    </ClInclude>
    <ClInclude Include="Camera.h">
      <Filter>Header Files</Filter>
    </ClInclude>
    <ClInclude Include="Renderer.h">
      <Filter>Header Files</Filter>
    </ClInclude>
    <ClInclude Include="Timer.h">
      <Filter>Header Files</Filter>
    </ClInclude>
    <ClInclude Include="Framebuffer.h">
      <Filter>Header Files</Filter>
    </ClInclude>
    <ClInclude Include="KeyHandler.h">
      <Filter>Header Files</Filter>
    </ClInclude>
    <ClInclude Include="MouseHandler.h">
      <Filter>Header Files</Filter>
    </ClInclude>
    <ClInclude Include="BinaryLoader.h">
      <Filter>Header Files</Filter>
    </ClInclude>
    <ClInclude Include="Constants.h">
      <Filter>Header Files</Filter>
    </ClInclude>
    <ClInclude Include="Properties.h">
      <Filter>Header Files</Filter>
    </ClInclude>
    <ClInclude Include="Entity.h">
      <Filter>Header Files</Filter>
    </ClInclude>
    <ClInclude Include="ImageLoader.h">
      <Filter>Header Files</Filter>
    </ClInclude>
    <ClInclude Include="lodepng.h">
      <Filter>Header Files</Filter>
    </ClInclude>
    <ClInclude Include="ObjLoader.h">
      <Filter>Header Files</Filter>
    </ClInclude>
    <ClInclude Include="Skybox.h">
      <Filter>Header Files</Filter>
    </ClInclude>
    <ClInclude Include="Texture.h">
      <Filter>Header Files</Filter>
    </ClInclude>
    <ClInclude Include="Water.h">
      <Filter>Header Files</Filter>
    </ClInclude>
    <ClInclude Include="PhysicsConstants.h">
      <Filter>Header Files</Filter>
    </ClInclude>
    <ClInclude Include="PhysicsEntity.h">
      <Filter>Header Files</Filter>
    </ClInclude>
    <ClInclude Include="PhysicsWorld.h">
      <Filter>Header Files</Filter>
    </ClInclude>
    <ClInclude Include="Shader.h">
      <Filter>Header Files</Filter>
    </ClInclude>
    <ClInclude Include="Terrain.h">
      <Filter>Header Files</Filter>
    </ClInclude>
    <ClInclude Include="TerrainGenerator.h">
      <Filter>Header Files</Filter>
    </ClInclude>
    <ClInclude Include="PostProcessing.h">
      <Filter>Header Files</Filter>
    </ClInclude>
    <ClInclude Include="ModelLoader.h">
      <Filter>Header Files</Filter>
    </ClInclude>
    <ClInclude Include="Maths.h">
      <Filter>Header Files</Filter>
    </ClInclude>
    <ClInclude Include="ParticleSystem.h">
      <Filter>Header Files</Filter>
    </ClInclude>
    <ClInclude Include="Timing.h">
      <Filter>Header Files</Filter>
    </ClInclude>
    <ClInclude Include="AudioEntity.h">
      <Filter>Header Files</Filter>
    </ClInclude>
    <ClInclude Include="AudioPlate.h">
      <Filter>Header Files</Filter>
    </ClInclude>
    <ClInclude Include="LoadAudio.h">
      <Filter>Header Files</Filter>
    </ClInclude>
    <ClInclude Include="hash_table.h">
      <Filter>Header Files</Filter>
    </ClInclude>
  </ItemGroup>
  <ItemGroup>
    <ClCompile Include="BoilerPlate.cpp">
      <Filter>Source Files</Filter>
    </ClCompile>
    <ClCompile Include="Camera.cpp">
      <Filter>Source Files</Filter>
    </ClCompile>
    <ClCompile Include="Renderer.cpp">
      <Filter>Source Files</Filter>
    </ClCompile>
    <ClCompile Include="Timer.cpp">
      <Filter>Source Files</Filter>
    </ClCompile>
    <ClCompile Include="Framebuffer.cpp">
      <Filter>Source Files</Filter>
    </ClCompile>
    <ClCompile Include="KeyHandler.cpp">
      <Filter>Input</Filter>
    </ClCompile>
    <ClCompile Include="MouseHandler.cpp">
      <Filter>Input</Filter>
    </ClCompile>
    <ClCompile Include="BinaryLoader.cpp">
      <Filter>Management</Filter>
    </ClCompile>
    <ClCompile Include="Constants.cpp">
      <Filter>Management</Filter>
    </ClCompile>
    <ClCompile Include="Properties.cpp">
      <Filter>Management</Filter>
    </ClCompile>
    <ClCompile Include="Entity.cpp">
      <Filter>Model</Filter>
    </ClCompile>
    <ClCompile Include="ImageLoader.cpp">
      <Filter>Model</Filter>
    </ClCompile>
    <ClCompile Include="lodepng.cpp">
      <Filter>Model</Filter>
    </ClCompile>
    <ClCompile Include="ObjLoader.cpp">
      <Filter>Model</Filter>
    </ClCompile>
    <ClCompile Include="Skybox.cpp">
      <Filter>Model</Filter>
    </ClCompile>
    <ClCompile Include="Texture.cpp">
      <Filter>Model</Filter>
    </ClCompile>
    <ClCompile Include="Water.cpp">
      <Filter>Model</Filter>
    </ClCompile>
    <ClCompile Include="PhysicsConstants.cpp">
      <Filter>Physics</Filter>
    </ClCompile>
    <ClCompile Include="PhysicsEntity.cpp">
      <Filter>Physics</Filter>
    </ClCompile>
    <ClCompile Include="PhysicsWorld.cpp">
      <Filter>Physics</Filter>
    </ClCompile>
    <ClCompile Include="Shader.cpp">
      <Filter>Shaders</Filter>
    </ClCompile>
    <ClCompile Include="Terrain.cpp">
      <Filter>World</Filter>
    </ClCompile>
    <ClCompile Include="TerrainGenerator.cpp">
      <Filter>World</Filter>
    </ClCompile>
    <ClCompile Include="PostProcessing.cpp">
      <Filter>Shaders</Filter>
    </ClCompile>
    <ClCompile Include="ModelLoader.cpp">
      <Filter>Source Files</Filter>
    </ClCompile>
    <ClCompile Include="Maths.cpp">
      <Filter>Source Files</Filter>
    </ClCompile>
    <ClCompile Include="ParticleSystem.cpp">
      <Filter>Source Files</Filter>
    </ClCompile>
    <ClCompile Include="Timing.cpp">
      <Filter>Management</Filter>
    </ClCompile>
    <ClCompile Include="AudioEntity.cpp">
      <Filter>Audio</Filter>
    </ClCompile>
    <ClCompile Include="AudioPlate.cpp">
      <Filter>Audio</Filter>
    </ClCompile>
    <ClCompile Include="LoadAudio.cpp">
      <Filter>Audio</Filter>
    </ClCompile>
    <ClCompile Include="hash_table.cpp">
      <Filter>Management</Filter>
    </ClCompile>
  </ItemGroup>
  <ItemGroup>
    <None Include="..\OpenGL_Testing\res\shaders\ParticleFragmentDefaultShader.glsl">
      <Filter>Resource Files</Filter>
    </None>
    <None Include="..\OpenGL_Testing\res\shaders\ParticleVertexDefaultShader.glsl">
      <Filter>Resource Files</Filter>
    </None>
    <None Include="..\OpenGL_Testing\res\shaders\PostProcessingVertexShader.glsl">
      <Filter>Resource Files</Filter>
    </None>
    <None Include="..\OpenGL_Testing\res\shaders\PostProcessingBloomShader.glsl">
      <Filter>Resource Files</Filter>
    </None>
  </ItemGroup>
</Project>